dependencies:
- name: meshery-istio
  repository: ""
  version: 2.1.2
- name: meshery-linkerd
  repository: ""
  version: 2.1.2
- name: meshery-consul
  repository: ""
  version: 2.1.2
- name: meshery-kuma
  repository: ""
  version: 2.1.2
- name: meshery-osm
  repository: ""
  version: 2.1.2
- name: meshery-nsm
  repository: ""
  version: 2.1.2
- name: meshery-traefik-mesh
  repository: ""
  version: 2.1.2
- name: meshery-cpx
  repository: ""
  version: 2.1.2
- name: meshery-nginx-sm
  repository: ""
  version: 2.1.2
- name: meshery-operator
  repository: ""
  version: 2.1.2
- name: meshery-broker
  repository: ""
  version: 0.1.0
- name: meshery-meshsync
  repository: ""
  version: 0.1.0
digest: sha256:9c2a92c0ec537935a118ba3fa2d240c335cf2868f1c07843daaebae592fbbea6
generated: "2021-09-26T05:28:07.712524606Z"
