dependencies:
- name: common
  repository: https://charts.bitnami.com/bitnami
  version: 1.x.x
- name: node-exporter
  repository: https://charts.bitnami.com/bitnami
  version: 2.x.x
- name: kube-state-metrics
  repository: https://charts.bitnami.com/bitnami
  version: 2.x.x
digest: sha256:3d15cfc42d48775da22cc91141b0b4b495894ce69a6af77e69853648ad18c76f
generated: "2021-11-16T11:12:32.353305172Z"
