dependencies:
- name: openebs-ndm
  repository: https://openebs.github.io/node-disk-manager
  version: 1.6.0
- name: localpv-provisioner
  repository: https://openebs.github.io/dynamic-localpv-provisioner
  version: 2.11.0
- name: cstor
  repository: https://openebs.github.io/cstor-operators
  version: 2.11.2
- name: jiva
  repository: https://openebs.github.io/jiva-operator
  version: 2.11.0
- name: zfs-localpv
  repository: https://openebs.github.io/zfs-localpv
  version: 1.9.0
- name: lvm-localpv
  repository: https://openebs.github.io/lvm-localpv
  version: 0.7.1
digest: sha256:cf043af0b9431c09680de07315822e3961d940f4b8c9f531428e170e94187558
generated: "2021-07-17T05:57:24.615737668Z"
