dependencies:
- name: openebs-ndm
  repository: https://openebs.github.io/node-disk-manager
  version: 1.6.1
- name: localpv-provisioner
  repository: https://openebs.github.io/dynamic-localpv-provisioner
  version: 2.12.1
- name: cstor
  repository: https://openebs.github.io/cstor-operators
  version: 2.12.1
- name: jiva
  repository: https://openebs.github.io/jiva-operator
  version: 2.12.2
- name: zfs-localpv
  repository: https://openebs.github.io/zfs-localpv
  version: 1.9.8
- name: lvm-localpv
  repository: https://openebs.github.io/lvm-localpv
  version: 0.8.4
- name: nfs-provisioner
  repository: https://openebs.github.io/dynamic-nfs-provisioner
  version: 0.7.1
digest: sha256:ec23730ebd9d6fb7b41bcaf557dbb162d3ea7903193914b983326d8d9f267e1e
generated: "2021-09-18T07:20:23.542113093Z"
