dependencies:
- name: gitlab
  repository: ""
  version: '*.*.*'
- name: certmanager-issuer
  repository: ""
  version: '*.*.*'
- name: minio
  repository: ""
  version: '*.*.*'
- name: registry
  repository: ""
  version: '*.*.*'
- name: cert-manager
  repository: https://charts.jetstack.io/
  version: 1.5.4
- name: prometheus
  repository: https://prometheus-community.github.io/helm-charts
  version: 11.16.9
- name: postgresql
  repository: https://charts.bitnami.com/bitnami
  version: 8.9.4
- name: gitlab-runner
  repository: https://charts.gitlab.io/
  version: 0.34.0
- name: grafana
  repository: https://grafana.github.io/helm-charts
  version: 6.9.1
- name: redis
  repository: https://charts.bitnami.com/bitnami
  version: 11.3.4
- name: nginx-ingress
  repository: ""
  version: '*.*.*'
digest: sha256:ad057ea69731e8fd3b6cd478d5420f7a684f1eed7b5f3a4910638486dd1f2461
generated: "2021-12-06T23:15:58.049214305Z"
